
Microsoft Visual Studio Solution File, Format Version 12.00
# Visual Studio Version 16
VisualStudioVersion = 16.0.30517.126
MinimumVisualStudioVersion = 10.0.40219.1
Project("{9A19103F-16F7-4668-BE54-9A1E7A4F7556}") = "BFS", "BFS\BFS.csproj", "{D2765E93-3A34-4C7E-9312-BE623A86B09B}"
EndProject
Project("{9A19103F-16F7-4668-BE54-9A1E7A4F7556}") = "BFS.Tests", "BFS.Tests\BFS.Tests.csproj", "{9BD4C84C-0001-4A24-BCEC-49D96EA6CEFC}"
EndProject
Project("{9A19103F-16F7-4668-BE54-9A1E7A4F7556}") = "Console", "Console\Console.csproj", "{F8726273-C75A-4256-85FD-94CBB38BFA72}"
EndProject
Project("{FAE04EC0-301F-11D3-BF4B-00C04F79EFBC}") = "API", "API\API.csproj", "{D99DE66E-95F8-40CF-ABF9-D20DFE034131}"
EndProject
Global
	GlobalSection(SolutionConfigurationPlatforms) = preSolution
		Debug|Any CPU = Debug|Any CPU
		Release|Any CPU = Release|Any CPU
	EndGlobalSection
	GlobalSection(ProjectConfigurationPlatforms) = postSolution
		{D2765E93-3A34-4C7E-9312-BE623A86B09B}.Debug|Any CPU.ActiveCfg = Debug|Any CPU
		{D2765E93-3A34-4C7E-9312-BE623A86B09B}.Debug|Any CPU.Build.0 = Debug|Any CPU
		{D2765E93-3A34-4C7E-9312-BE623A86B09B}.Release|Any CPU.ActiveCfg = Release|Any CPU
		{D2765E93-3A34-4C7E-9312-BE623A86B09B}.Release|Any CPU.Build.0 = Release|Any CPU
		{9BD4C84C-0001-4A24-BCEC-49D96EA6CEFC}.Debug|Any CPU.ActiveCfg = Debug|Any CPU
		{9BD4C84C-0001-4A24-BCEC-49D96EA6CEFC}.Debug|Any CPU.Build.0 = Debug|Any CPU
		{9BD4C84C-0001-4A24-BCEC-49D96EA6CEFC}.Release|Any CPU.ActiveCfg = Release|Any CPU
		{9BD4C84C-0001-4A24-BCEC-49D96EA6CEFC}.Release|Any CPU.Build.0 = Release|Any CPU
		{F8726273-C75A-4256-85FD-94CBB38BFA72}.Debug|Any CPU.ActiveCfg = Debug|Any CPU
		{F8726273-C75A-4256-85FD-94CBB38BFA72}.Debug|Any CPU.Build.0 = Debug|Any CPU
		{F8726273-C75A-4256-85FD-94CBB38BFA72}.Release|Any CPU.ActiveCfg = Release|Any CPU
		{F8726273-C75A-4256-85FD-94CBB38BFA72}.Release|Any CPU.Build.0 = Release|Any CPU
		{D99DE66E-95F8-40CF-ABF9-D20DFE034131}.Debug|Any CPU.ActiveCfg = Debug|Any CPU
		{D99DE66E-95F8-40CF-ABF9-D20DFE034131}.Debug|Any CPU.Build.0 = Debug|Any CPU
		{D99DE66E-95F8-40CF-ABF9-D20DFE034131}.Release|Any CPU.ActiveCfg = Release|Any CPU
		{D99DE66E-95F8-40CF-ABF9-D20DFE034131}.Release|Any CPU.Build.0 = Release|Any CPU
	EndGlobalSection
	GlobalSection(SolutionProperties) = preSolution
		HideSolutionNode = FALSE
	EndGlobalSection
	GlobalSection(ExtensibilityGlobals) = postSolution
		SolutionGuid = {C6092E27-ECB6-4821-8077-AD775E21F777}
	EndGlobalSection
EndGlobal
